
Microsoft Visual Studio Solution File, Format Version 12.00
# Visual Studio 15
VisualStudioVersion = 15.0.27906.1
MinimumVisualStudioVersion = 10.0.40219.1
Project("{FAE04EC0-301F-11D3-BF4B-00C04F79EFBC}") = "Visiontech.Services", "Visiontech.Services\Visiontech.Services.csproj", "{5BE4A3B5-2D91-4786-817E-91097023CDF2}"
EndProject
Global
	GlobalSection(SolutionConfigurationPlatforms) = preSolution
		Debug|Any CPU = Debug|Any CPU
		Release|Any CPU = Release|Any CPU
	EndGlobalSection
	GlobalSection(ProjectConfigurationPlatforms) = postSolution
		{5BE4A3B5-2D91-4786-817E-91097023CDF2}.Debug|Any CPU.ActiveCfg = Debug|Any CPU
		{5BE4A3B5-2D91-4786-817E-91097023CDF2}.Debug|Any CPU.Build.0 = Debug|Any CPU
		{5BE4A3B5-2D91-4786-817E-91097023CDF2}.Release|Any CPU.ActiveCfg = Release|Any CPU
		{5BE4A3B5-2D91-4786-817E-91097023CDF2}.Release|Any CPU.Build.0 = Release|Any CPU
	EndGlobalSection
	GlobalSection(SolutionProperties) = preSolution
		HideSolutionNode = FALSE
	EndGlobalSection
	GlobalSection(ExtensibilityGlobals) = postSolution
		SolutionGuid = {8528A4D3-0FB9-4F7C-A455-93B4C3579F4B}
	EndGlobalSection
EndGlobal
